Microsoft Visual Studio Solution File, Format Version 11.00
# Visual Studio 2008

Project("{9E5439BC-6C27-08B2-2766-6DA5ED9A692B}") = "GrizzlyMouses", "Assembly-CSharp-firstpass.csproj", "{2D41E2CC-9083-1CA4-4407-07499A883172}"
EndProject
Project("{9E5439BC-6C27-08B2-2766-6DA5ED9A692B}") = "GrizzlyMouses", "Assembly-CSharp.csproj", "{DA7BCB01-D4C4-5F71-EA6A-F1CDD35AF9AE}"
EndProject
Project("{9E5439BC-6C27-08B2-2766-6DA5ED9A692B}") = "GrizzlyMouses", "Assembly-CSharp-Editor.csproj", "{99BA1CE5-C075-A297-3157-B551C6AAEE69}"
EndProject
Global
	GlobalSection(SolutionConfigurationPlatforms) = preSolution
		Debug|Any CPU = Debug|Any CPU
		Release|Any CPU = Release|Any CPU
	EndGlobalSection
	GlobalSection(ProjectConfigurationPlatforms) = postSolution
		{2D41E2CC-9083-1CA4-4407-07499A883172}.Debug|Any CPU.ActiveCfg = Debug|Any CPU
		{2D41E2CC-9083-1CA4-4407-07499A883172}.Debug|Any CPU.Build.0 = Debug|Any CPU
		{2D41E2CC-9083-1CA4-4407-07499A883172}.Release|Any CPU.ActiveCfg = Release|Any CPU
		{2D41E2CC-9083-1CA4-4407-07499A883172}.Release|Any CPU.Build.0 = Release|Any CPU
		{DA7BCB01-D4C4-5F71-EA6A-F1CDD35AF9AE}.Debug|Any CPU.ActiveCfg = Debug|Any CPU
		{DA7BCB01-D4C4-5F71-EA6A-F1CDD35AF9AE}.Debug|Any CPU.Build.0 = Debug|Any CPU
		{DA7BCB01-D4C4-5F71-EA6A-F1CDD35AF9AE}.Release|Any CPU.ActiveCfg = Release|Any CPU
		{DA7BCB01-D4C4-5F71-EA6A-F1CDD35AF9AE}.Release|Any CPU.Build.0 = Release|Any CPU
		{99BA1CE5-C075-A297-3157-B551C6AAEE69}.Debug|Any CPU.ActiveCfg = Debug|Any CPU
		{99BA1CE5-C075-A297-3157-B551C6AAEE69}.Debug|Any CPU.Build.0 = Debug|Any CPU
		{99BA1CE5-C075-A297-3157-B551C6AAEE69}.Release|Any CPU.ActiveCfg = Release|Any CPU
		{99BA1CE5-C075-A297-3157-B551C6AAEE69}.Release|Any CPU.Build.0 = Release|Any CPU
	EndGlobalSection
	GlobalSection(SolutionProperties) = preSolution
		HideSolutionNode = FALSE
	EndGlobalSection
	GlobalSection(MonoDevelopProperties) = preSolution
		StartupItem = Assembly-CSharp.csproj
	EndGlobalSection
EndGlobal
