
Microsoft Visual Studio Solution File, Format Version 12.00
# Visual Studio 2015
Project("{FAE04EC0-301F-11D3-BF4B-00C04F79EFBC}") = "GrizzlyMouses.CSharp.Plugins", "GrizzlyMouses.CSharp.Plugins.csproj", "{28E16D58-6BB2-BF38-E85F-CFED70AD0ECA}"
EndProject
Project("{FAE04EC0-301F-11D3-BF4B-00C04F79EFBC}") = "GrizzlyMouses.CSharp", "GrizzlyMouses.CSharp.csproj", "{B806ADA7-A356-5FEF-A9EE-A968EE1CC630}"
EndProject
Project("{FAE04EC0-301F-11D3-BF4B-00C04F79EFBC}") = "GrizzlyMouses.CSharp.Editor", "GrizzlyMouses.CSharp.Editor.csproj", "{BDC74E4F-B11F-D51F-C5B0-237EC8A7739E}"
EndProject
Global
	GlobalSection(SolutionConfigurationPlatforms) = preSolution
		Debug|Any CPU = Debug|Any CPU
		Release|Any CPU = Release|Any CPU
	EndGlobalSection
	GlobalSection(ProjectConfigurationPlatforms) = postSolution
		{28E16D58-6BB2-BF38-E85F-CFED70AD0ECA}.Debug|Any CPU.ActiveCfg = Debug|Any CPU
		{28E16D58-6BB2-BF38-E85F-CFED70AD0ECA}.Debug|Any CPU.Build.0 = Debug|Any CPU
		{28E16D58-6BB2-BF38-E85F-CFED70AD0ECA}.Release|Any CPU.ActiveCfg = Release|Any CPU
		{28E16D58-6BB2-BF38-E85F-CFED70AD0ECA}.Release|Any CPU.Build.0 = Release|Any CPU
		{B806ADA7-A356-5FEF-A9EE-A968EE1CC630}.Debug|Any CPU.ActiveCfg = Debug|Any CPU
		{B806ADA7-A356-5FEF-A9EE-A968EE1CC630}.Debug|Any CPU.Build.0 = Debug|Any CPU
		{B806ADA7-A356-5FEF-A9EE-A968EE1CC630}.Release|Any CPU.ActiveCfg = Release|Any CPU
		{B806ADA7-A356-5FEF-A9EE-A968EE1CC630}.Release|Any CPU.Build.0 = Release|Any CPU
		{BDC74E4F-B11F-D51F-C5B0-237EC8A7739E}.Debug|Any CPU.ActiveCfg = Debug|Any CPU
		{BDC74E4F-B11F-D51F-C5B0-237EC8A7739E}.Debug|Any CPU.Build.0 = Debug|Any CPU
		{BDC74E4F-B11F-D51F-C5B0-237EC8A7739E}.Release|Any CPU.ActiveCfg = Release|Any CPU
		{BDC74E4F-B11F-D51F-C5B0-237EC8A7739E}.Release|Any CPU.Build.0 = Release|Any CPU
	EndGlobalSection
	GlobalSection(SolutionProperties) = preSolution
		HideSolutionNode = FALSE
	EndGlobalSection
EndGlobal
